
Microsoft Visual Studio Solution File, Format Version 12.00
# Visual Studio 2013
VisualStudioVersion = 12.0.21005.1
MinimumVisualStudioVersion = 10.0.40219.1
Project("{FAE04EC0-301F-11D3-BF4B-00C04F79EFBC}") = "BlobContainerSynchronizer", "BlobContainerSynchronizer\BlobContainerSynchronizer.csproj", "{20224CA5-F11D-4AD8-ABC8-2B38FAAE4A92}"
EndProject
Project("{FAE04EC0-301F-11D3-BF4B-00C04F79EFBC}") = "BlobContainerSynchronizerConsoleTest", "BlobContainerSynchronizerConsoleTest\BlobContainerSynchronizerConsoleTest.csproj", "{DE97084C-913C-4E52-82D8-ECDFA7E80405}"
EndProject
Project("{2150E333-8FDC-42A3-9474-1A3956D46DE8}") = "Solution Items", "Solution Items", "{716E7983-9B44-4D81-824B-09A761AC3882}"
	ProjectSection(SolutionItems) = preProject
		LICENSE = LICENSE
		README.md = README.md
	EndProjectSection
EndProject
Global
	GlobalSection(SolutionConfigurationPlatforms) = preSolution
		Debug|Any CPU = Debug|Any CPU
		Release|Any CPU = Release|Any CPU
	EndGlobalSection
	GlobalSection(ProjectConfigurationPlatforms) = postSolution
		{20224CA5-F11D-4AD8-ABC8-2B38FAAE4A92}.Debug|Any CPU.ActiveCfg = Debug|Any CPU
		{20224CA5-F11D-4AD8-ABC8-2B38FAAE4A92}.Debug|Any CPU.Build.0 = Debug|Any CPU
		{20224CA5-F11D-4AD8-ABC8-2B38FAAE4A92}.Release|Any CPU.ActiveCfg = Release|Any CPU
		{20224CA5-F11D-4AD8-ABC8-2B38FAAE4A92}.Release|Any CPU.Build.0 = Release|Any CPU
		{DE97084C-913C-4E52-82D8-ECDFA7E80405}.Debug|Any CPU.ActiveCfg = Debug|Any CPU
		{DE97084C-913C-4E52-82D8-ECDFA7E80405}.Debug|Any CPU.Build.0 = Debug|Any CPU
		{DE97084C-913C-4E52-82D8-ECDFA7E80405}.Release|Any CPU.ActiveCfg = Release|Any CPU
		{DE97084C-913C-4E52-82D8-ECDFA7E80405}.Release|Any CPU.Build.0 = Release|Any CPU
	EndGlobalSection
	GlobalSection(SolutionProperties) = preSolution
		HideSolutionNode = FALSE
	EndGlobalSection
EndGlobal
